
Microsoft Visual Studio Solution File, Format Version 12.00
# Visual Studio Version 17
VisualStudioVersion = 17.4.33213.308
MinimumVisualStudioVersion = 10.0.40219.1
Project("{FAE04EC0-301F-11D3-BF4B-00C04F79EFBC}") = "Part3_Sample", "Part3_Sample\Part3_Sample.csproj", "{D200C922-F748-445C-9371-BC3CE4226CBF}"
EndProject
Global
	GlobalSection(SolutionConfigurationPlatforms) = preSolution
		Debug|Any CPU = Debug|Any CPU
		Release|Any CPU = Release|Any CPU
	EndGlobalSection
	GlobalSection(ProjectConfigurationPlatforms) = postSolution
		{D200C922-F748-445C-9371-BC3CE4226CBF}.Debug|Any CPU.ActiveCfg = Debug|Any CPU
		{D200C922-F748-445C-9371-BC3CE4226CBF}.Debug|Any CPU.Build.0 = Debug|Any CPU
		{D200C922-F748-445C-9371-BC3CE4226CBF}.Release|Any CPU.ActiveCfg = Release|Any CPU
		{D200C922-F748-445C-9371-BC3CE4226CBF}.Release|Any CPU.Build.0 = Release|Any CPU
	EndGlobalSection
	GlobalSection(SolutionProperties) = preSolution
		HideSolutionNode = FALSE
	EndGlobalSection
	GlobalSection(ExtensibilityGlobals) = postSolution
		SolutionGuid = {28CAA686-B09B-4810-B0C6-EB248533444D}
	EndGlobalSection
EndGlobal
