
Microsoft Visual Studio Solution File, Format Version 12.00
# Visual Studio Version 17
VisualStudioVersion = 17.4.33213.308
MinimumVisualStudioVersion = 10.0.40219.1
Project("{FAE04EC0-301F-11D3-BF4B-00C04F79EFBC}") = "Serializers", "Serializers\Serializers.csproj", "{A6BD35D1-56E6-4837-A499-7E351637FC22}"
EndProject
Global
	GlobalSection(SolutionConfigurationPlatforms) = preSolution
		Debug|Any CPU = Debug|Any CPU
		Release|Any CPU = Release|Any CPU
	EndGlobalSection
	GlobalSection(ProjectConfigurationPlatforms) = postSolution
		{A6BD35D1-56E6-4837-A499-7E351637FC22}.Debug|Any CPU.ActiveCfg = Debug|Any CPU
		{A6BD35D1-56E6-4837-A499-7E351637FC22}.Debug|Any CPU.Build.0 = Debug|Any CPU
		{A6BD35D1-56E6-4837-A499-7E351637FC22}.Release|Any CPU.ActiveCfg = Release|Any CPU
		{A6BD35D1-56E6-4837-A499-7E351637FC22}.Release|Any CPU.Build.0 = Release|Any CPU
	EndGlobalSection
	GlobalSection(SolutionProperties) = preSolution
		HideSolutionNode = FALSE
	EndGlobalSection
	GlobalSection(ExtensibilityGlobals) = postSolution
		SolutionGuid = {F44766DE-2A86-48F0-BC15-7129FAF3936A}
	EndGlobalSection
EndGlobal
